
Microsoft Visual Studio Solution File, Format Version 12.00
# Visual Studio Version 17
VisualStudioVersion = 17.11.35219.272
MinimumVisualStudioVersion = 10.0.40219.1
Project("{FAE04EC0-301F-11D3-BF4B-00C04F79EFBC}") = "6502", "6502.csproj", "{4E57520C-278F-4EA5-BFD6-97AB24F4D1EF}"
EndProject
Global
	GlobalSection(SolutionConfigurationPlatforms) = preSolution
		Debug|Any CPU = Debug|Any CPU
		Release|Any CPU = Release|Any CPU
	EndGlobalSection
	GlobalSection(ProjectConfigurationPlatforms) = postSolution
		{4E57520C-278F-4EA5-BFD6-97AB24F4D1EF}.Debug|Any CPU.ActiveCfg = Debug|Any CPU
		{4E57520C-278F-4EA5-BFD6-97AB24F4D1EF}.Debug|Any CPU.Build.0 = Debug|Any CPU
		{4E57520C-278F-4EA5-BFD6-97AB24F4D1EF}.Release|Any CPU.ActiveCfg = Release|Any CPU
		{4E57520C-278F-4EA5-BFD6-97AB24F4D1EF}.Release|Any CPU.Build.0 = Release|Any CPU
	EndGlobalSection
	GlobalSection(SolutionProperties) = preSolution
		HideSolutionNode = FALSE
	EndGlobalSection
	GlobalSection(ExtensibilityGlobals) = postSolution
		SolutionGuid = {B8F33A14-FE32-4772-A371-E9885442DF37}
	EndGlobalSection
EndGlobal
